{
  "R": {
    "Version": "4.3.1",
    "Repositories": [
      {
        "Name": "BioCsoft",
        "URL": "https://bioconductor.org/packages/3.17/bioc"
      },
      {
        "Name": "BioCann",
        "URL": "https://bioconductor.org/packages/3.17/data/annotation"
      },
      {
        "Name": "BioCexp",
        "URL": "https://bioconductor.org/packages/3.17/data/experiment"
      },
      {
        "Name": "BioCworkflows",
        "URL": "https://bioconductor.org/packages/3.17/workflows"
      },
      {
        "Name": "BioCbooks",
        "URL": "https://bioconductor.org/packages/3.17/books"
      },
      {
        "Name": "Pharmaverse",
        "URL": "https://insightsengineering.r-universe.dev"
      },
      {
        "Name": "CRAN",
        "URL": "https://cloud.r-project.org"
      },
      {
        "Name": "BioC.BioCsoft",
        "URL": "https://bioconductor.org/packages/3.17/bioc"
      },
      {
        "Name": "BioC.BioCann",
        "URL": "https://bioconductor.org/packages/3.17/data/annotation"
      },
      {
        "Name": "BioC.BioCexp",
        "URL": "https://bioconductor.org/packages/3.17/data/experiment"
      },
      {
        "Name": "BioC.BioCworkflows",
        "URL": "https://bioconductor.org/packages/3.17/workflows"
      },
      {
        "Name": "BioC.BioCbooks",
        "URL": "https://bioconductor.org/packages/3.17/books"
      },
      {
        "Name": "BioC.CRAN",
        "URL": "https://cloud.r-project.org"
      }
    ]
  },
  "Packages": {
    "renv": {
      "Package": "renv",
      "Version": "1.0.2",
      "Source": "Repository",
      "Repository": "CRAN",
      "Requirements": [
        "utils"
      ],
      "Hash": "4b22ac016fe54028b88d0c68badbd061"
    }
  }
}
